// !$*UTF8*$!
{
	archiveVersion = 1;
	classes = {
	};
	objectVersion = 48;
	objects = {

/* Begin PBXBuildFile section */
		C846C6671F26550B00C38A03 /* Weather.swift in Sources */ = {isa = PBXBuildFile; fileRef = C846C6631F26550B00C38A03 /* Weather.swift */; };
		C846C6681F26550B00C38A03 /* API.swift in Sources */ = {isa = PBXBuildFile; fileRef = C846C6651F26550B00C38A03 /* API.swift */; };
		C846C6691F26550B00C38A03 /* Network.swift in Sources */ = {isa = PBXBuildFile; fileRef = C846C6661F26550B00C38A03 /* Network.swift */; };
		C846C6701F26552C00C38A03 /* weather_coordinates_-54.8,-68.3.json in Resources */ = {isa = PBXBuildFile; fileRef = C846C66B1F26552C00C38A03 /* weather_coordinates_-54.8,-68.3.json */; };
		C846C6711F26552C00C38A03 /* weather_name_NewYork.json in Resources */ = {isa = PBXBuildFile; fileRef = C846C66C1F26552C00C38A03 /* weather_name_NewYork.json */; };
		C846C6721F26552C00C38A03 /* weather_zip_9016nz.json in Resources */ = {isa = PBXBuildFile; fileRef = C846C66D1F26552C00C38A03 /* weather_zip_9016nz.json */; };
		C846C6731F26552C00C38A03 /* TestHelper.swift in Sources */ = {isa = PBXBuildFile; fileRef = C846C66E1F26552C00C38A03 /* TestHelper.swift */; };
		C846C6741F26552C00C38A03 /* WeatherAPI_Tests.swift in Sources */ = {isa = PBXBuildFile; fileRef = C846C66F1F26552C00C38A03 /* WeatherAPI_Tests.swift */; };
		C846C6771F26E76F00C38A03 /* Marshal.framework in Frameworks */ = {isa = PBXBuildFile; fileRef = C846C6751F26E76F00C38A03 /* Marshal.framework */; };
		C846C6781F26E76F00C38A03 /* Marshal.framework in Embed Frameworks */ = {isa = PBXBuildFile; fileRef = C846C6751F26E76F00C38A03 /* Marshal.framework */; settings = {ATTRIBUTES = (CodeSignOnCopy, RemoveHeadersOnCopy, ); }; };
		C846C6791F26E76F00C38A03 /* PromiseKit.framework in Frameworks */ = {isa = PBXBuildFile; fileRef = C846C6761F26E76F00C38A03 /* PromiseKit.framework */; };
		C846C67A1F26E76F00C38A03 /* PromiseKit.framework in Embed Frameworks */ = {isa = PBXBuildFile; fileRef = C846C6761F26E76F00C38A03 /* PromiseKit.framework */; settings = {ATTRIBUTES = (CodeSignOnCopy, RemoveHeadersOnCopy, ); }; };
		C846C67D1F26E7B800C38A03 /* Marshal.framework in Frameworks */ = {isa = PBXBuildFile; fileRef = C846C6751F26E76F00C38A03 /* Marshal.framework */; };
		C846C67E1F26E7B800C38A03 /* PromiseKit.framework in Frameworks */ = {isa = PBXBuildFile; fileRef = C846C6761F26E76F00C38A03 /* PromiseKit.framework */; };
		C846C6811F26E7B800C38A03 /* Hamcrest.framework in Frameworks */ = {isa = PBXBuildFile; fileRef = C846C6801F26E7B800C38A03 /* Hamcrest.framework */; };
		C846C6861F27059F00C38A03 /* Helpers.swift in Sources */ = {isa = PBXBuildFile; fileRef = C846C6821F27059F00C38A03 /* Helpers.swift */; };
		C846C6881F27059F00C38A03 /* MainView.swift in Sources */ = {isa = PBXBuildFile; fileRef = C846C6851F27059F00C38A03 /* MainView.swift */; };
		C846C68A1F27080600C38A03 /* WeatherViewModel_Tests.swift in Sources */ = {isa = PBXBuildFile; fileRef = C846C6891F27080600C38A03 /* WeatherViewModel_Tests.swift */; };
		C849B50A1F17138D00BC7835 /* AppDelegate.swift in Sources */ = {isa = PBXBuildFile; fileRef = C849B5091F17138D00BC7835 /* AppDelegate.swift */; };
		C849B50F1F17138D00BC7835 /* Main.storyboard in Resources */ = {isa = PBXBuildFile; fileRef = C849B50D1F17138D00BC7835 /* Main.storyboard */; };
		C849B5111F17138D00BC7835 /* Assets.xcassets in Resources */ = {isa = PBXBuildFile; fileRef = C849B5101F17138D00BC7835 /* Assets.xcassets */; };
		C849B5141F17138D00BC7835 /* LaunchScreen.storyboard in Resources */ = {isa = PBXBuildFile; fileRef = C849B5121F17138D00BC7835 /* LaunchScreen.storyboard */; };
		C874090E1F2A26D2000383AC /* MainViewModel_Tests.swift in Sources */ = {isa = PBXBuildFile; fileRef = C874090D1F2A26D2000383AC /* MainViewModel_Tests.swift */; };
		C87409141F2A277B000383AC /* MainViewModel.swift in Sources */ = {isa = PBXBuildFile; fileRef = C87409101F2A277B000383AC /* MainViewModel.swift */; };
		C87409151F2A277B000383AC /* MapViewController.swift in Sources */ = {isa = PBXBuildFile; fileRef = C87409111F2A277B000383AC /* MapViewController.swift */; };
		C87409161F2A277B000383AC /* SearchHistoryViewController.swift in Sources */ = {isa = PBXBuildFile; fileRef = C87409121F2A277B000383AC /* SearchHistoryViewController.swift */; };
		C87409171F2A277B000383AC /* ViewController.swift in Sources */ = {isa = PBXBuildFile; fileRef = C87409131F2A277B000383AC /* ViewController.swift */; };
		C87409191F2A27B4000383AC /* 10n.png in Resources */ = {isa = PBXBuildFile; fileRef = C87409181F2A27B4000383AC /* 10n.png */; };
/* End PBXBuildFile section */

/* Begin PBXContainerItemProxy section */
		C849B51B1F17138E00BC7835 /* PBXContainerItemProxy */ = {
			isa = PBXContainerItemProxy;
			containerPortal = C849B4FE1F17138D00BC7835 /* Project object */;
			proxyType = 1;
			remoteGlobalIDString = C849B5051F17138D00BC7835;
			remoteInfo = WeatherApp;
		};
/* End PBXContainerItemProxy section */

/* Begin PBXCopyFilesBuildPhase section */
		C846C67B1F26E77000C38A03 /* Embed Frameworks */ = {
			isa = PBXCopyFilesBuildPhase;
			buildActionMask = 2147483647;
			dstPath = "";
			dstSubfolderSpec = 10;
			files = (
				C846C6781F26E76F00C38A03 /* Marshal.framework in Embed Frameworks */,
				C846C67A1F26E76F00C38A03 /* PromiseKit.framework in Embed Frameworks */,
			);
			name = "Embed Frameworks";
			runOnlyForDeploymentPostprocessing = 0;
		};
/* End PBXCopyFilesBuildPhase section */

/* Begin PBXFileReference section */
		C846C6631F26550B00C38A03 /* Weather.swift */ = {isa = PBXFileReference; fileEncoding = 4; lastKnownFileType = sourcecode.swift; path = Weather.swift; sourceTree = "<group>"; };
		C846C6651F26550B00C38A03 /* API.swift */ = {isa = PBXFileReference; fileEncoding = 4; lastKnownFileType = sourcecode.swift; path = API.swift; sourceTree = "<group>"; };
		C846C6661F26550B00C38A03 /* Network.swift */ = {isa = PBXFileReference; fileEncoding = 4; lastKnownFileType = sourcecode.swift; path = Network.swift; sourceTree = "<group>"; };
		C846C66B1F26552C00C38A03 /* weather_coordinates_-54.8,-68.3.json */ = {isa = PBXFileReference; fileEncoding = 4; lastKnownFileType = text.json; path = "weather_coordinates_-54.8,-68.3.json"; sourceTree = "<group>"; };
		C846C66C1F26552C00C38A03 /* weather_name_NewYork.json */ = {isa = PBXFileReference; fileEncoding = 4; lastKnownFileType = text.json; path = weather_name_NewYork.json; sourceTree = "<group>"; };
		C846C66D1F26552C00C38A03 /* weather_zip_9016nz.json */ = {isa = PBXFileReference; fileEncoding = 4; lastKnownFileType = text.json; path = weather_zip_9016nz.json; sourceTree = "<group>"; };
		C846C66E1F26552C00C38A03 /* TestHelper.swift */ = {isa = PBXFileReference; fileEncoding = 4; lastKnownFileType = sourcecode.swift; path = TestHelper.swift; sourceTree = "<group>"; };
		C846C66F1F26552C00C38A03 /* WeatherAPI_Tests.swift */ = {isa = PBXFileReference; fileEncoding = 4; lastKnownFileType = sourcecode.swift; path = WeatherAPI_Tests.swift; sourceTree = "<group>"; };
		C846C6751F26E76F00C38A03 /* Marshal.framework */ = {isa = PBXFileReference; lastKnownFileType = wrapper.framework; name = Marshal.framework; path = ../Carthage/Build/iOS/Marshal.framework; sourceTree = "<group>"; };
		C846C6761F26E76F00C38A03 /* PromiseKit.framework */ = {isa = PBXFileReference; lastKnownFileType = wrapper.framework; name = PromiseKit.framework; path = ../Carthage/Build/iOS/PromiseKit.framework; sourceTree = "<group>"; };
		C846C6801F26E7B800C38A03 /* Hamcrest.framework */ = {isa = PBXFileReference; lastKnownFileType = wrapper.framework; name = Hamcrest.framework; path = Carthage/Build/iOS/Hamcrest.framework; sourceTree = "<group>"; };
		C846C6821F27059F00C38A03 /* Helpers.swift */ = {isa = PBXFileReference; fileEncoding = 4; lastKnownFileType = sourcecode.swift; path = Helpers.swift; sourceTree = "<group>"; };
		C846C6851F27059F00C38A03 /* MainView.swift */ = {isa = PBXFileReference; fileEncoding = 4; lastKnownFileType = sourcecode.swift; path = MainView.swift; sourceTree = "<group>"; };
		C846C6891F27080600C38A03 /* WeatherViewModel_Tests.swift */ = {isa = PBXFileReference; fileEncoding = 4; lastKnownFileType = sourcecode.swift; path = WeatherViewModel_Tests.swift; sourceTree = "<group>"; };
		C849B5061F17138D00BC7835 /* WeatherApp.app */ = {isa = PBXFileReference; explicitFileType = wrapper.application; includeInIndex = 0; path = WeatherApp.app; sourceTree = BUILT_PRODUCTS_DIR; };
		C849B5091F17138D00BC7835 /* AppDelegate.swift */ = {isa = PBXFileReference; lastKnownFileType = sourcecode.swift; path = AppDelegate.swift; sourceTree = "<group>"; };
		C849B50E1F17138D00BC7835 /* Base */ = {isa = PBXFileReference; lastKnownFileType = file.storyboard; name = Base; path = Base.lproj/Main.storyboard; sourceTree = "<group>"; };
		C849B5101F17138D00BC7835 /* Assets.xcassets */ = {isa = PBXFileReference; lastKnownFileType = folder.assetcatalog; path = Assets.xcassets; sourceTree = "<group>"; };
		C849B5131F17138D00BC7835 /* Base */ = {isa = PBXFileReference; lastKnownFileType = file.storyboard; name = Base; path = Base.lproj/LaunchScreen.storyboard; sourceTree = "<group>"; };
		C849B5151F17138D00BC7835 /* Info.plist */ = {isa = PBXFileReference; lastKnownFileType = text.plist.xml; path = Info.plist; sourceTree = "<group>"; };
		C849B51A1F17138E00BC7835 /* WeatherAppTests.xctest */ = {isa = PBXFileReference; explicitFileType = wrapper.cfbundle; includeInIndex = 0; path = WeatherAppTests.xctest; sourceTree = BUILT_PRODUCTS_DIR; };
		C849B5201F17138E00BC7835 /* Info.plist */ = {isa = PBXFileReference; lastKnownFileType = text.plist.xml; path = Info.plist; sourceTree = "<group>"; };
		C874090D1F2A26D2000383AC /* MainViewModel_Tests.swift */ = {isa = PBXFileReference; fileEncoding = 4; lastKnownFileType = sourcecode.swift; path = MainViewModel_Tests.swift; sourceTree = "<group>"; };
		C87409101F2A277B000383AC /* MainViewModel.swift */ = {isa = PBXFileReference; fileEncoding = 4; lastKnownFileType = sourcecode.swift; path = MainViewModel.swift; sourceTree = "<group>"; };
		C87409111F2A277B000383AC /* MapViewController.swift */ = {isa = PBXFileReference; fileEncoding = 4; lastKnownFileType = sourcecode.swift; path = MapViewController.swift; sourceTree = "<group>"; };
		C87409121F2A277B000383AC /* SearchHistoryViewController.swift */ = {isa = PBXFileReference; fileEncoding = 4; lastKnownFileType = sourcecode.swift; path = SearchHistoryViewController.swift; sourceTree = "<group>"; };
		C87409131F2A277B000383AC /* ViewController.swift */ = {isa = PBXFileReference; fileEncoding = 4; lastKnownFileType = sourcecode.swift; path = ViewController.swift; sourceTree = "<group>"; };
		C87409181F2A27B4000383AC /* 10n.png */ = {isa = PBXFileReference; lastKnownFileType = image.png; path = 10n.png; sourceTree = "<group>"; };
/* End PBXFileReference section */

/* Begin PBXFrameworksBuildPhase section */
		C849B5031F17138D00BC7835 /* Frameworks */ = {
			isa = PBXFrameworksBuildPhase;
			buildActionMask = 2147483647;
			files = (
				C846C6771F26E76F00C38A03 /* Marshal.framework in Frameworks */,
				C846C6791F26E76F00C38A03 /* PromiseKit.framework in Frameworks */,
			);
			runOnlyForDeploymentPostprocessing = 0;
		};
		C849B5171F17138E00BC7835 /* Frameworks */ = {
			isa = PBXFrameworksBuildPhase;
			buildActionMask = 2147483647;
			files = (
				C846C6811F26E7B800C38A03 /* Hamcrest.framework in Frameworks */,
				C846C67D1F26E7B800C38A03 /* Marshal.framework in Frameworks */,
				C846C67E1F26E7B800C38A03 /* PromiseKit.framework in Frameworks */,
			);
			runOnlyForDeploymentPostprocessing = 0;
		};
/* End PBXFrameworksBuildPhase section */

/* Begin PBXGroup section */
		C846C6621F26550B00C38A03 /* Model */ = {
			isa = PBXGroup;
			children = (
				C846C6631F26550B00C38A03 /* Weather.swift */,
			);
			path = Model;
			sourceTree = "<group>";
		};
		C846C6641F26550B00C38A03 /* Service */ = {
			isa = PBXGroup;
			children = (
				C846C6651F26550B00C38A03 /* API.swift */,
				C846C6661F26550B00C38A03 /* Network.swift */,
			);
			path = Service;
			sourceTree = "<group>";
		};
		C846C66A1F26552C00C38A03 /* Test Data */ = {
			isa = PBXGroup;
			children = (
				C87409181F2A27B4000383AC /* 10n.png */,
				C846C66B1F26552C00C38A03 /* weather_coordinates_-54.8,-68.3.json */,
				C846C66C1F26552C00C38A03 /* weather_name_NewYork.json */,
				C846C66D1F26552C00C38A03 /* weather_zip_9016nz.json */,
			);
			path = "Test Data";
			sourceTree = "<group>";
		};
		C846C67C1F26E77B00C38A03 /* Frameworks */ = {
			isa = PBXGroup;
			children = (
				C846C6751F26E76F00C38A03 /* Marshal.framework */,
				C846C6761F26E76F00C38A03 /* PromiseKit.framework */,
			);
			name = Frameworks;
			sourceTree = "<group>";
		};
		C846C67F1F26E7B800C38A03 /* Frameworks */ = {
			isa = PBXGroup;
			children = (
				C846C6801F26E7B800C38A03 /* Hamcrest.framework */,
			);
			name = Frameworks;
			sourceTree = "<group>";
		};
		C846C6841F27059F00C38A03 /* Views */ = {
			isa = PBXGroup;
			children = (
				C846C6851F27059F00C38A03 /* MainView.swift */,
			);
			path = Views;
			sourceTree = "<group>";
		};
		C849B4FD1F17138D00BC7835 = {
			isa = PBXGroup;
			children = (
				C849B5081F17138D00BC7835 /* WeatherApp */,
				C849B51D1F17138E00BC7835 /* WeatherAppTests */,
				C849B5071F17138D00BC7835 /* Products */,
				C846C67F1F26E7B800C38A03 /* Frameworks */,
			);
			sourceTree = "<group>";
		};
		C849B5071F17138D00BC7835 /* Products */ = {
			isa = PBXGroup;
			children = (
				C849B5061F17138D00BC7835 /* WeatherApp.app */,
				C849B51A1F17138E00BC7835 /* WeatherAppTests.xctest */,
			);
			name = Products;
			sourceTree = "<group>";
		};
		C849B5081F17138D00BC7835 /* WeatherApp */ = {
			isa = PBXGroup;
			children = (
				C849B5331F17407000BC7835 /* Sources */,
				C849B50D1F17138D00BC7835 /* Main.storyboard */,
				C849B5101F17138D00BC7835 /* Assets.xcassets */,
				C849B5121F17138D00BC7835 /* LaunchScreen.storyboard */,
				C849B5151F17138D00BC7835 /* Info.plist */,
				C846C67C1F26E77B00C38A03 /* Frameworks */,
			);
			path = WeatherApp;
			sourceTree = "<group>";
		};
		C849B51D1F17138E00BC7835 /* WeatherAppTests */ = {
			isa = PBXGroup;
			children = (
				C846C66A1F26552C00C38A03 /* Test Data */,
				C846C66E1F26552C00C38A03 /* TestHelper.swift */,
				C874090D1F2A26D2000383AC /* MainViewModel_Tests.swift */,
				C846C66F1F26552C00C38A03 /* WeatherAPI_Tests.swift */,
				C846C6891F27080600C38A03 /* WeatherViewModel_Tests.swift */,
				C849B5201F17138E00BC7835 /* Info.plist */,
			);
			path = WeatherAppTests;
			sourceTree = "<group>";
		};
		C849B5331F17407000BC7835 /* Sources */ = {
			isa = PBXGroup;
			children = (
				C874090F1F2A277B000383AC /* Controllers */,
				C846C6621F26550B00C38A03 /* Model */,
				C846C6641F26550B00C38A03 /* Service */,
				C846C6841F27059F00C38A03 /* Views */,
				C849B5091F17138D00BC7835 /* AppDelegate.swift */,
				C846C6821F27059F00C38A03 /* Helpers.swift */,
			);
			path = Sources;
			sourceTree = "<group>";
		};
		C874090F1F2A277B000383AC /* Controllers */ = {
			isa = PBXGroup;
			children = (
				C87409101F2A277B000383AC /* MainViewModel.swift */,
				C87409111F2A277B000383AC /* MapViewController.swift */,
				C87409121F2A277B000383AC /* SearchHistoryViewController.swift */,
				C87409131F2A277B000383AC /* ViewController.swift */,
			);
			path = Controllers;
			sourceTree = "<group>";
		};
/* End PBXGroup section */

/* Begin PBXNativeTarget section */
		C849B5051F17138D00BC7835 /* WeatherApp */ = {
			isa = PBXNativeTarget;
			buildConfigurationList = C849B5231F17138E00BC7835 /* Build configuration list for PBXNativeTarget "WeatherApp" */;
			buildPhases = (
				C849B5021F17138D00BC7835 /* Sources */,
				C849B5031F17138D00BC7835 /* Frameworks */,
				C849B5041F17138D00BC7835 /* Resources */,
				C846C67B1F26E77000C38A03 /* Embed Frameworks */,
			);
			buildRules = (
			);
			dependencies = (
			);
			name = WeatherApp;
			productName = WeatherApp;
			productReference = C849B5061F17138D00BC7835 /* WeatherApp.app */;
			productType = "com.apple.product-type.application";
		};
		C849B5191F17138E00BC7835 /* WeatherAppTests */ = {
			isa = PBXNativeTarget;
			buildConfigurationList = C849B5261F17138E00BC7835 /* Build configuration list for PBXNativeTarget "WeatherAppTests" */;
			buildPhases = (
				C849B5161F17138E00BC7835 /* Sources */,
				C849B5171F17138E00BC7835 /* Frameworks */,
				C849B5181F17138E00BC7835 /* Resources */,
			);
			buildRules = (
			);
			dependencies = (
				C849B51C1F17138E00BC7835 /* PBXTargetDependency */,
			);
			name = WeatherAppTests;
			productName = WeatherAppTests;
			productReference = C849B51A1F17138E00BC7835 /* WeatherAppTests.xctest */;
			productType = "com.apple.product-type.bundle.unit-test";
		};
/* End PBXNativeTarget section */

/* Begin PBXProject section */
		C849B4FE1F17138D00BC7835 /* Project object */ = {
			isa = PBXProject;
			attributes = {
				LastSwiftUpdateCheck = 0900;
				LastUpgradeCheck = 0900;
				ORGANIZATIONNAME = PaKaz.net;
				TargetAttributes = {
					C849B5051F17138D00BC7835 = {
						CreatedOnToolsVersion = 9.0;
					};
					C849B5191F17138E00BC7835 = {
						CreatedOnToolsVersion = 9.0;
						LastSwiftMigration = 0830;
						TestTargetID = C849B5051F17138D00BC7835;
					};
				};
			};
			buildConfigurationList = C849B5011F17138D00BC7835 /* Build configuration list for PBXProject "WeatherApp" */;
			compatibilityVersion = "Xcode 8.0";
			developmentRegion = en;
			hasScannedForEncodings = 0;
			knownRegions = (
				Base,
			);
			mainGroup = C849B4FD1F17138D00BC7835;
			productRefGroup = C849B5071F17138D00BC7835 /* Products */;
			projectDirPath = "";
			projectRoot = "";
			targets = (
				C849B5051F17138D00BC7835 /* WeatherApp */,
				C849B5191F17138E00BC7835 /* WeatherAppTests */,
			);
		};
/* End PBXProject section */

/* Begin PBXResourcesBuildPhase section */
		C849B5041F17138D00BC7835 /* Resources */ = {
			isa = PBXResourcesBuildPhase;
			buildActionMask = 2147483647;
			files = (
				C849B5141F17138D00BC7835 /* LaunchScreen.storyboard in Resources */,
				C849B5111F17138D00BC7835 /* Assets.xcassets in Resources */,
				C849B50F1F17138D00BC7835 /* Main.storyboard in Resources */,
			);
			runOnlyForDeploymentPostprocessing = 0;
		};
		C849B5181F17138E00BC7835 /* Resources */ = {
			isa = PBXResourcesBuildPhase;
			buildActionMask = 2147483647;
			files = (
				C846C6721F26552C00C38A03 /* weather_zip_9016nz.json in Resources */,
				C87409191F2A27B4000383AC /* 10n.png in Resources */,
				C846C6701F26552C00C38A03 /* weather_coordinates_-54.8,-68.3.json in Resources */,
				C846C6711F26552C00C38A03 /* weather_name_NewYork.json in Resources */,
			);
			runOnlyForDeploymentPostprocessing = 0;
		};
/* End PBXResourcesBuildPhase section */

/* Begin PBXSourcesBuildPhase section */
		C849B5021F17138D00BC7835 /* Sources */ = {
			isa = PBXSourcesBuildPhase;
			buildActionMask = 2147483647;
			files = (
				C87409171F2A277B000383AC /* ViewController.swift in Sources */,
				C87409141F2A277B000383AC /* MainViewModel.swift in Sources */,
				C846C6881F27059F00C38A03 /* MainView.swift in Sources */,
				C846C6691F26550B00C38A03 /* Network.swift in Sources */,
				C846C6861F27059F00C38A03 /* Helpers.swift in Sources */,
				C846C6671F26550B00C38A03 /* Weather.swift in Sources */,
				C846C6681F26550B00C38A03 /* API.swift in Sources */,
				C849B50A1F17138D00BC7835 /* AppDelegate.swift in Sources */,
				C87409161F2A277B000383AC /* SearchHistoryViewController.swift in Sources */,
				C87409151F2A277B000383AC /* MapViewController.swift in Sources */,
			);
			runOnlyForDeploymentPostprocessing = 0;
		};
		C849B5161F17138E00BC7835 /* Sources */ = {
			isa = PBXSourcesBuildPhase;
			buildActionMask = 2147483647;
			files = (
				C846C6731F26552C00C38A03 /* TestHelper.swift in Sources */,
				C846C68A1F27080600C38A03 /* WeatherViewModel_Tests.swift in Sources */,
				C846C6741F26552C00C38A03 /* WeatherAPI_Tests.swift in Sources */,
				C874090E1F2A26D2000383AC /* MainViewModel_Tests.swift in Sources */,
			);
			runOnlyForDeploymentPostprocessing = 0;
		};
/* End PBXSourcesBuildPhase section */

/* Begin PBXTargetDependency section */
		C849B51C1F17138E00BC7835 /* PBXTargetDependency */ = {
			isa = PBXTargetDependency;
			target = C849B5051F17138D00BC7835 /* WeatherApp */;
			targetProxy = C849B51B1F17138E00BC7835 /* PBXContainerItemProxy */;
		};
/* End PBXTargetDependency section */

/* Begin PBXVariantGroup section */
		C849B50D1F17138D00BC7835 /* Main.storyboard */ = {
			isa = PBXVariantGroup;
			children = (
				C849B50E1F17138D00BC7835 /* Base */,
			);
			name = Main.storyboard;
			sourceTree = "<group>";
		};
		C849B5121F17138D00BC7835 /* LaunchScreen.storyboard */ = {
			isa = PBXVariantGroup;
			children = (
				C849B5131F17138D00BC7835 /* Base */,
			);
			name = LaunchScreen.storyboard;
			sourceTree = "<group>";
		};
/* End PBXVariantGroup section */

/* Begin XCBuildConfiguration section */
		C849B5211F17138E00BC7835 /* Debug */ = {
			isa = XCBuildConfiguration;
			buildSettings = {
				ALWAYS_SEARCH_USER_PATHS = NO;
				CLANG_ANALYZER_LOCALIZABILITY_NONLOCALIZED = YES;
				CLANG_ANALYZER_NONNULL = YES;
				CLANG_ANALYZER_NUMBER_OBJECT_CONVERSION = YES_AGGRESSIVE;
				CLANG_CXX_LANGUAGE_STANDARD = "gnu++14";
				CLANG_CXX_LIBRARY = "libc++";
				CLANG_ENABLE_MODULES = YES;
				CLANG_ENABLE_OBJC_ARC = YES;
				CLANG_WARN_BLOCK_CAPTURE_AUTORELEASING = YES;
				CLANG_WARN_BOOL_CONVERSION = YES;
				CLANG_WARN_COMMA = YES;
				CLANG_WARN_CONSTANT_CONVERSION = YES;
				CLANG_WARN_DIRECT_OBJC_ISA_USAGE = YES_ERROR;
				CLANG_WARN_DOCUMENTATION_COMMENTS = YES;
				CLANG_WARN_EMPTY_BODY = YES;
				CLANG_WARN_ENUM_CONVERSION = YES;
				CLANG_WARN_INFINITE_RECURSION = YES;
				CLANG_WARN_INT_CONVERSION = YES;
				CLANG_WARN_NON_LITERAL_NULL_CONVERSION = YES;
				CLANG_WARN_OBJC_LITERAL_CONVERSION = YES;
				CLANG_WARN_OBJC_ROOT_CLASS = YES_ERROR;
				CLANG_WARN_RANGE_LOOP_ANALYSIS = YES;
				CLANG_WARN_STRICT_PROTOTYPES = YES;
				CLANG_WARN_SUSPICIOUS_MOVE = YES;
				CLANG_WARN_UNGUARDED_AVAILABILITY = YES_AGGRESSIVE;
				CLANG_WARN_UNREACHABLE_CODE = YES;
				CLANG_WARN__DUPLICATE_METHOD_MATCH = YES;
				CODE_SIGN_IDENTITY = "iPhone Developer";
				COPY_PHASE_STRIP = NO;
				DEBUG_INFORMATION_FORMAT = dwarf;
				ENABLE_STRICT_OBJC_MSGSEND = YES;
				ENABLE_TESTABILITY = YES;
				GCC_C_LANGUAGE_STANDARD = gnu11;
				GCC_DYNAMIC_NO_PIC = NO;
				GCC_NO_COMMON_BLOCKS = YES;
				GCC_OPTIMIZATION_LEVEL = 0;
				GCC_PREPROCESSOR_DEFINITIONS = (
					"DEBUG=1",
					"$(inherited)",
				);
				GCC_WARN_64_TO_32_BIT_CONVERSION = YES;
				GCC_WARN_ABOUT_RETURN_TYPE = YES_ERROR;
				GCC_WARN_UNDECLARED_SELECTOR = YES;
				GCC_WARN_UNINITIALIZED_AUTOS = YES_AGGRESSIVE;
				GCC_WARN_UNUSED_FUNCTION = YES;
				GCC_WARN_UNUSED_VARIABLE = YES;
				IPHONEOS_DEPLOYMENT_TARGET = 10.0;
				MTL_ENABLE_DEBUG_INFO = YES;
				ONLY_ACTIVE_ARCH = YES;
				SDKROOT = iphoneos;
				SWIFT_ACTIVE_COMPILATION_CONDITIONS = DEBUG;
				SWIFT_OPTIMIZATION_LEVEL = "-Onone";
				SWIFT_VERSION = 3.0;
			};
			name = Debug;
		};
		C849B5221F17138E00BC7835 /* Release */ = {
			isa = XCBuildConfiguration;
			buildSettings = {
				ALWAYS_SEARCH_USER_PATHS = NO;
				CLANG_ANALYZER_LOCALIZABILITY_NONLOCALIZED = YES;
				CLANG_ANALYZER_NONNULL = YES;
				CLANG_ANALYZER_NUMBER_OBJECT_CONVERSION = YES_AGGRESSIVE;
				CLANG_CXX_LANGUAGE_STANDARD = "gnu++14";
				CLANG_CXX_LIBRARY = "libc++";
				CLANG_ENABLE_MODULES = YES;
				CLANG_ENABLE_OBJC_ARC = YES;
				CLANG_WARN_BLOCK_CAPTURE_AUTORELEASING = YES;
				CLANG_WARN_BOOL_CONVERSION = YES;
				CLANG_WARN_COMMA = YES;
				CLANG_WARN_CONSTANT_CONVERSION = YES;
				CLANG_WARN_DIRECT_OBJC_ISA_USAGE = YES_ERROR;
				CLANG_WARN_DOCUMENTATION_COMMENTS = YES;
				CLANG_WARN_EMPTY_BODY = YES;
				CLANG_WARN_ENUM_CONVERSION = YES;
				CLANG_WARN_INFINITE_RECURSION = YES;
				CLANG_WARN_INT_CONVERSION = YES;
				CLANG_WARN_NON_LITERAL_NULL_CONVERSION = YES;
				CLANG_WARN_OBJC_LITERAL_CONVERSION = YES;
				CLANG_WARN_OBJC_ROOT_CLASS = YES_ERROR;
				CLANG_WARN_RANGE_LOOP_ANALYSIS = YES;
				CLANG_WARN_STRICT_PROTOTYPES = YES;
				CLANG_WARN_SUSPICIOUS_MOVE = YES;
				CLANG_WARN_UNGUARDED_AVAILABILITY = YES_AGGRESSIVE;
				CLANG_WARN_UNREACHABLE_CODE = YES;
				CLANG_WARN__DUPLICATE_METHOD_MATCH = YES;
				CODE_SIGN_IDENTITY = "iPhone Developer";
				COPY_PHASE_STRIP = NO;
				DEBUG_INFORMATION_FORMAT = "dwarf-with-dsym";
				ENABLE_NS_ASSERTIONS = NO;
				ENABLE_STRICT_OBJC_MSGSEND = YES;
				GCC_C_LANGUAGE_STANDARD = gnu11;
				GCC_NO_COMMON_BLOCKS = YES;
				GCC_WARN_64_TO_32_BIT_CONVERSION = YES;
				GCC_WARN_ABOUT_RETURN_TYPE = YES_ERROR;
				GCC_WARN_UNDECLARED_SELECTOR = YES;
				GCC_WARN_UNINITIALIZED_AUTOS = YES_AGGRESSIVE;
				GCC_WARN_UNUSED_FUNCTION = YES;
				GCC_WARN_UNUSED_VARIABLE = YES;
				IPHONEOS_DEPLOYMENT_TARGET = 10.0;
				MTL_ENABLE_DEBUG_INFO = NO;
				SDKROOT = iphoneos;
				SWIFT_OPTIMIZATION_LEVEL = "-Owholemodule";
				SWIFT_VERSION = 3.0;
				VALIDATE_PRODUCT = YES;
			};
			name = Release;
		};
		C849B5241F17138E00BC7835 /* Debug */ = {
			isa = XCBuildConfiguration;
			buildSettings = {
				ASSETCATALOG_COMPILER_APPICON_NAME = AppIcon;
				FRAMEWORK_SEARCH_PATHS = (
					"$(inherited)",
					"$(PROJECT_DIR)/Carthage/Build/iOS",
				);
				INFOPLIST_FILE = WeatherApp/Info.plist;
				LD_RUNPATH_SEARCH_PATHS = "$(inherited) @executable_path/Frameworks";
				PRODUCT_BUNDLE_IDENTIFIER = net.pakaz.WeatherApp;
				PRODUCT_NAME = "$(TARGET_NAME)";
				TARGETED_DEVICE_FAMILY = 1;
			};
			name = Debug;
		};
		C849B5251F17138E00BC7835 /* Release */ = {
			isa = XCBuildConfiguration;
			buildSettings = {
				ASSETCATALOG_COMPILER_APPICON_NAME = AppIcon;
				FRAMEWORK_SEARCH_PATHS = (
					"$(inherited)",
					"$(PROJECT_DIR)/Carthage/Build/iOS",
				);
				INFOPLIST_FILE = WeatherApp/Info.plist;
				LD_RUNPATH_SEARCH_PATHS = "$(inherited) @executable_path/Frameworks";
				PRODUCT_BUNDLE_IDENTIFIER = net.pakaz.WeatherApp;
				PRODUCT_NAME = "$(TARGET_NAME)";
				TARGETED_DEVICE_FAMILY = 1;
			};
			name = Release;
		};
		C849B5271F17138E00BC7835 /* Debug */ = {
			isa = XCBuildConfiguration;
			buildSettings = {
				ALWAYS_EMBED_SWIFT_STANDARD_LIBRARIES = YES;
				BUNDLE_LOADER = "$(TEST_HOST)";
				CLANG_ENABLE_MODULES = YES;
				FRAMEWORK_SEARCH_PATHS = (
					"$(inherited)",
					"$(PROJECT_DIR)/Carthage/Build/iOS",
				);
				INFOPLIST_FILE = WeatherAppTests/Info.plist;
				LD_RUNPATH_SEARCH_PATHS = "$(inherited) @executable_path/Frameworks @loader_path/Frameworks $(PROJECT_DIR)/Carthage/Build/iOS";
				PRODUCT_BUNDLE_IDENTIFIER = net.pakaz.WeatherAppTests;
				PRODUCT_NAME = "$(TARGET_NAME)";
				SWIFT_OPTIMIZATION_LEVEL = "-Onone";
				SWIFT_VERSION = 3.0;
				TARGETED_DEVICE_FAMILY = "1,2";
				TEST_HOST = "$(BUILT_PRODUCTS_DIR)/WeatherApp.app/WeatherApp";
			};
			name = Debug;
		};
		C849B5281F17138E00BC7835 /* Release */ = {
			isa = XCBuildConfiguration;
			buildSettings = {
				ALWAYS_EMBED_SWIFT_STANDARD_LIBRARIES = YES;
				BUNDLE_LOADER = "$(TEST_HOST)";
				CLANG_ENABLE_MODULES = YES;
				FRAMEWORK_SEARCH_PATHS = (
					"$(inherited)",
					"$(PROJECT_DIR)/Carthage/Build/iOS",
				);
				INFOPLIST_FILE = WeatherAppTests/Info.plist;
				LD_RUNPATH_SEARCH_PATHS = "$(inherited) @executable_path/Frameworks @loader_path/Frameworks $(PROJECT_DIR)/Carthage/Build/iOS";
				PRODUCT_BUNDLE_IDENTIFIER = net.pakaz.WeatherAppTests;
				PRODUCT_NAME = "$(TARGET_NAME)";
				SWIFT_VERSION = 3.0;
				TARGETED_DEVICE_FAMILY = "1,2";
				TEST_HOST = "$(BUILT_PRODUCTS_DIR)/WeatherApp.app/WeatherApp";
			};
			name = Release;
		};
/* End XCBuildConfiguration section */

/* Begin XCConfigurationList section */
		C849B5011F17138D00BC7835 /* Build configuration list for PBXProject "WeatherApp" */ = {
			isa = XCConfigurationList;
			buildConfigurations = (
				C849B5211F17138E00BC7835 /* Debug */,
				C849B5221F17138E00BC7835 /* Release */,
			);
			defaultConfigurationIsVisible = 0;
			defaultConfigurationName = Release;
		};
		C849B5231F17138E00BC7835 /* Build configuration list for PBXNativeTarget "WeatherApp" */ = {
			isa = XCConfigurationList;
			buildConfigurations = (
				C849B5241F17138E00BC7835 /* Debug */,
				C849B5251F17138E00BC7835 /* Release */,
			);
			defaultConfigurationIsVisible = 0;
			defaultConfigurationName = Release;
		};
		C849B5261F17138E00BC7835 /* Build configuration list for PBXNativeTarget "WeatherAppTests" */ = {
			isa = XCConfigurationList;
			buildConfigurations = (
				C849B5271F17138E00BC7835 /* Debug */,
				C849B5281F17138E00BC7835 /* Release */,
			);
			defaultConfigurationIsVisible = 0;
			defaultConfigurationName = Release;
		};
/* End XCConfigurationList section */
	};
	rootObject = C849B4FE1F17138D00BC7835 /* Project object */;
}
